
Microsoft Visual Studio Solution File, Format Version 12.00
# Visual Studio Version 17
VisualStudioVersion = 17.2.32630.192
MinimumVisualStudioVersion = 10.0.40219.1
Project("{FAE04EC0-301F-11D3-BF4B-00C04F79EFBC}") = "SIMED V1", "SIMED V1.csproj", "{A80F3C15-1F68-4204-83D7-3F7F32471A9C}"
EndProject
Global
	GlobalSection(SolutionConfigurationPlatforms) = preSolution
		Debug|Any CPU = Debug|Any CPU
		Release|Any CPU = Release|Any CPU
	EndGlobalSection
	GlobalSection(ProjectConfigurationPlatforms) = postSolution
		{A80F3C15-1F68-4204-83D7-3F7F32471A9C}.Debug|Any CPU.ActiveCfg = Debug|Any CPU
		{A80F3C15-1F68-4204-83D7-3F7F32471A9C}.Debug|Any CPU.Build.0 = Debug|Any CPU
		{A80F3C15-1F68-4204-83D7-3F7F32471A9C}.Release|Any CPU.ActiveCfg = Release|Any CPU
		{A80F3C15-1F68-4204-83D7-3F7F32471A9C}.Release|Any CPU.Build.0 = Release|Any CPU
	EndGlobalSection
	GlobalSection(SolutionProperties) = preSolution
		HideSolutionNode = FALSE
	EndGlobalSection
	GlobalSection(ExtensibilityGlobals) = postSolution
		SolutionGuid = {86A1D003-41BF-4A23-A0CB-5860A5CA0507}
	EndGlobalSection
EndGlobal
