
Microsoft Visual Studio Solution File, Format Version 12.00
# Visual Studio Version 17
VisualStudioVersion = 17.2.32526.322
MinimumVisualStudioVersion = 10.0.40219.1
Project("{FAE04EC0-301F-11D3-BF4B-00C04F79EFBC}") = "SIMED", "SIMED\SIMED.csproj", "{CCA66676-B609-4FBD-950B-F1C5FBC52E1E}"
EndProject
Global
	GlobalSection(SolutionConfigurationPlatforms) = preSolution
		Debug|Any CPU = Debug|Any CPU
		Release|Any CPU = Release|Any CPU
	EndGlobalSection
	GlobalSection(ProjectConfigurationPlatforms) = postSolution
		{CCA66676-B609-4FBD-950B-F1C5FBC52E1E}.Debug|Any CPU.ActiveCfg = Debug|Any CPU
		{CCA66676-B609-4FBD-950B-F1C5FBC52E1E}.Debug|Any CPU.Build.0 = Debug|Any CPU
		{CCA66676-B609-4FBD-950B-F1C5FBC52E1E}.Release|Any CPU.ActiveCfg = Release|Any CPU
		{CCA66676-B609-4FBD-950B-F1C5FBC52E1E}.Release|Any CPU.Build.0 = Release|Any CPU
	EndGlobalSection
	GlobalSection(SolutionProperties) = preSolution
		HideSolutionNode = FALSE
	EndGlobalSection
	GlobalSection(ExtensibilityGlobals) = postSolution
		SolutionGuid = {8375B3D1-8E41-4333-A6DC-EEF41ACE4B68}
	EndGlobalSection
EndGlobal
